
Microsoft Visual Studio Solution File, Format Version 12.00
# Visual Studio 15
VisualStudioVersion = 15.0.28307.102
MinimumVisualStudioVersion = 10.0.40219.1
Project("{8BC9CEB8-8B4A-11D0-8D11-00A0C91BC942}") = "MathProject", "MathProject\MathProject.vcxproj", "{1494C0F8-C3D8-4996-8166-A7C0198908D9}"
EndProject
Global
	GlobalSection(SolutionConfigurationPlatforms) = preSolution
		Debug|x64 = Debug|x64
		Debug|x86 = Debug|x86
		Release|x64 = Release|x64
		Release|x86 = Release|x86
	EndGlobalSection
	GlobalSection(ProjectConfigurationPlatforms) = postSolution
		{1494C0F8-C3D8-4996-8166-A7C0198908D9}.Debug|x64.ActiveCfg = Debug|x64
		{1494C0F8-C3D8-4996-8166-A7C0198908D9}.Debug|x64.Build.0 = Debug|x64
		{1494C0F8-C3D8-4996-8166-A7C0198908D9}.Debug|x86.ActiveCfg = Debug|Win32
		{1494C0F8-C3D8-4996-8166-A7C0198908D9}.Debug|x86.Build.0 = Debug|Win32
		{1494C0F8-C3D8-4996-8166-A7C0198908D9}.Release|x64.ActiveCfg = Release|x64
		{1494C0F8-C3D8-4996-8166-A7C0198908D9}.Release|x64.Build.0 = Release|x64
		{1494C0F8-C3D8-4996-8166-A7C0198908D9}.Release|x86.ActiveCfg = Release|Win32
		{1494C0F8-C3D8-4996-8166-A7C0198908D9}.Release|x86.Build.0 = Release|Win32
	EndGlobalSection
	GlobalSection(SolutionProperties) = preSolution
		HideSolutionNode = FALSE
	EndGlobalSection
	GlobalSection(ExtensibilityGlobals) = postSolution
		SolutionGuid = {364CA418-4F9C-494B-A0BE-57BDB275F2F8}
	EndGlobalSection
EndGlobal
